
Microsoft Visual Studio Solution File, Format Version 12.00
# Visual Studio Version 17
VisualStudioVersion = 17.4.33213.308
MinimumVisualStudioVersion = 10.0.40219.1
Project("{FAE04EC0-301F-11D3-BF4B-00C04F79EFBC}") = "Graficas", "Graficas\Graficas.csproj", "{0709542F-E40F-412C-A87E-2F63D4480E47}"
EndProject
Project("{FAE04EC0-301F-11D3-BF4B-00C04F79EFBC}") = "MetodosOrdenamiento", "MetodosOrdenamiento\MetodosOrdenamiento.csproj", "{3F5691CC-86D1-4186-AB9C-A5E2B9CF1D07}"
EndProject
Project("{FAE04EC0-301F-11D3-BF4B-00C04F79EFBC}") = "Hash", "Hash\Hash.csproj", "{D9BBE138-1492-47B1-A59C-F245BA95A3A8}"
EndProject
Global
	GlobalSection(SolutionConfigurationPlatforms) = preSolution
		Debug|Any CPU = Debug|Any CPU
		Release|Any CPU = Release|Any CPU
	EndGlobalSection
	GlobalSection(ProjectConfigurationPlatforms) = postSolution
		{0709542F-E40F-412C-A87E-2F63D4480E47}.Debug|Any CPU.ActiveCfg = Debug|Any CPU
		{0709542F-E40F-412C-A87E-2F63D4480E47}.Debug|Any CPU.Build.0 = Debug|Any CPU
		{0709542F-E40F-412C-A87E-2F63D4480E47}.Release|Any CPU.ActiveCfg = Release|Any CPU
		{0709542F-E40F-412C-A87E-2F63D4480E47}.Release|Any CPU.Build.0 = Release|Any CPU
		{3F5691CC-86D1-4186-AB9C-A5E2B9CF1D07}.Debug|Any CPU.ActiveCfg = Debug|Any CPU
		{3F5691CC-86D1-4186-AB9C-A5E2B9CF1D07}.Debug|Any CPU.Build.0 = Debug|Any CPU
		{3F5691CC-86D1-4186-AB9C-A5E2B9CF1D07}.Release|Any CPU.ActiveCfg = Release|Any CPU
		{3F5691CC-86D1-4186-AB9C-A5E2B9CF1D07}.Release|Any CPU.Build.0 = Release|Any CPU
		{D9BBE138-1492-47B1-A59C-F245BA95A3A8}.Debug|Any CPU.ActiveCfg = Debug|Any CPU
		{D9BBE138-1492-47B1-A59C-F245BA95A3A8}.Debug|Any CPU.Build.0 = Debug|Any CPU
		{D9BBE138-1492-47B1-A59C-F245BA95A3A8}.Release|Any CPU.ActiveCfg = Release|Any CPU
		{D9BBE138-1492-47B1-A59C-F245BA95A3A8}.Release|Any CPU.Build.0 = Release|Any CPU
	EndGlobalSection
	GlobalSection(SolutionProperties) = preSolution
		HideSolutionNode = FALSE
	EndGlobalSection
	GlobalSection(ExtensibilityGlobals) = postSolution
		SolutionGuid = {6D9A04A3-1650-44E3-9A81-2AB77B207233}
	EndGlobalSection
EndGlobal
